Microsoft Visual Studio Solution File, Format Version 12.00
# Visual Studio Version 17
VisualStudioVersion = 17.5.2.0
MinimumVisualStudioVersion = 10.0.40219.1
Project("{FAE04EC0-301F-11D3-BF4B-00C04F79EFBC}") = "14-07", "14-07.csproj", "{5E69771E-D7C6-C42E-6928-ACE603E60B11}"
EndProject
Global
	GlobalSection(SolutionConfigurationPlatforms) = preSolution
		Debug|Any CPU = Debug|Any CPU
		Release|Any CPU = Release|Any CPU
	EndGlobalSection
	GlobalSection(ProjectConfigurationPlatforms) = postSolution
		{5E69771E-D7C6-C42E-6928-ACE603E60B11}.Debug|Any CPU.ActiveCfg = Debug|Any CPU
		{5E69771E-D7C6-C42E-6928-ACE603E60B11}.Debug|Any CPU.Build.0 = Debug|Any CPU
		{5E69771E-D7C6-C42E-6928-ACE603E60B11}.Release|Any CPU.ActiveCfg = Release|Any CPU
		{5E69771E-D7C6-C42E-6928-ACE603E60B11}.Release|Any CPU.Build.0 = Release|Any CPU
	EndGlobalSection
	GlobalSection(SolutionProperties) = preSolution
		HideSolutionNode = FALSE
	EndGlobalSection
	GlobalSection(ExtensibilityGlobals) = postSolution
		SolutionGuid = {BDE310C4-1834-4079-BD98-2C736AA810B0}
	EndGlobalSection
EndGlobal
